
Microsoft Visual Studio Solution File, Format Version 12.00
# Visual Studio Version 17
VisualStudioVersion = 17.13.35913.81 d17.13
MinimumVisualStudioVersion = 10.0.40219.1
Project("{FAE04EC0-301F-11D3-BF4B-00C04F79EFBC}") = "ClientApp", "ClientApp\ClientApp.csproj", "{2A8797AE-77E4-4F6E-A48D-9547EC120FD8}"
EndProject
Global
	GlobalSection(SolutionConfigurationPlatforms) = preSolution
		Debug|Any CPU = Debug|Any CPU
		Release|Any CPU = Release|Any CPU
	EndGlobalSection
	GlobalSection(ProjectConfigurationPlatforms) = postSolution
		{2A8797AE-77E4-4F6E-A48D-9547EC120FD8}.Debug|Any CPU.ActiveCfg = Debug|Any CPU
		{2A8797AE-77E4-4F6E-A48D-9547EC120FD8}.Debug|Any CPU.Build.0 = Debug|Any CPU
		{2A8797AE-77E4-4F6E-A48D-9547EC120FD8}.Release|Any CPU.ActiveCfg = Release|Any CPU
		{2A8797AE-77E4-4F6E-A48D-9547EC120FD8}.Release|Any CPU.Build.0 = Release|Any CPU
	EndGlobalSection
	GlobalSection(SolutionProperties) = preSolution
		HideSolutionNode = FALSE
	EndGlobalSection
	GlobalSection(ExtensibilityGlobals) = postSolution
		SolutionGuid = {B1E45EB5-5B3A-4261-A866-969E37CD1829}
	EndGlobalSection
EndGlobal
